
Microsoft Visual Studio Solution File, Format Version 12.00
# Visual Studio Version 17
VisualStudioVersion = 17.5.33414.496
MinimumVisualStudioVersion = 10.0.40219.1
Project("{FAE04EC0-301F-11D3-BF4B-00C04F79EFBC}") = "Insurance", "Insurance\Insurance.csproj", "{7F9DFD3C-D9D7-47F2-AE31-366424E6BF8D}"
EndProject
Global
	GlobalSection(SolutionConfigurationPlatforms) = preSolution
		Debug|Any CPU = Debug|Any CPU
		Release|Any CPU = Release|Any CPU
	EndGlobalSection
	GlobalSection(ProjectConfigurationPlatforms) = postSolution
		{7F9DFD3C-D9D7-47F2-AE31-366424E6BF8D}.Debug|Any CPU.ActiveCfg = Debug|Any CPU
		{7F9DFD3C-D9D7-47F2-AE31-366424E6BF8D}.Debug|Any CPU.Build.0 = Debug|Any CPU
		{7F9DFD3C-D9D7-47F2-AE31-366424E6BF8D}.Release|Any CPU.ActiveCfg = Release|Any CPU
		{7F9DFD3C-D9D7-47F2-AE31-366424E6BF8D}.Release|Any CPU.Build.0 = Release|Any CPU
	EndGlobalSection
	GlobalSection(SolutionProperties) = preSolution
		HideSolutionNode = FALSE
	EndGlobalSection
	GlobalSection(ExtensibilityGlobals) = postSolution
		SolutionGuid = {F11D16E6-6E04-4D4F-B000-BDF47A0E44DE}
	EndGlobalSection
EndGlobal
